{
    "_readme": [
        "This file locks the dependencies of your project to a known state",
        "Read more about it at https://getcomposer.org/doc/01-basic-usage.md#installing-dependencies",
        "This file is @generated automatically"
    ],
    "content-hash": "656f6da350ea16626b72822a02769300",
    "packages": [
        {
            "name": "symfony/thanks",
            "version": "dev-master",
            "source": {
                "type": "git",
                "url": "https://github.com/symfony/thanks.git",
                "reference": "6021b6862da1e91d3673aab0f2045a91d0f5ac79"
            },
            "dist": {
                "type": "zip",
                "url": "https://api.github.com/repos/symfony/thanks/zipball/6021b6862da1e91d3673aab0f2045a91d0f5ac79",
                "reference": "6021b6862da1e91d3673aab0f2045a91d0f5ac79",
                "shasum": "",
                "mirrors": [
                    {
                        "url": "https://mirrors.aliyun.com/composer/dists/%package%/%reference%.%type%",
                        "preferred": true
                    }
                ]
            },
            "require": {
                "composer-plugin-api": "^1.0",
                "php": "^5.5.9|^7.0.0"
            },
            "type": "composer-plugin",
            "extra": {
                "branch-alias": {
                    "dev-master": "1.2-dev"
                },
                "class": "Symfony\\Thanks\\Thanks"
            },
            "autoload": {
                "psr-4": {
                    "Symfony\\Thanks\\": "src"
                }
            },
            "notification-url": "https://packagist.org/downloads/",
            "license": [
                "MIT"
            ],
            "authors": [
                {
                    "name": "Nicolas Grekas",
                    "email": "p@tchwork.com"
                }
            ],
            "description": "Encourages sending ⭐ and 💵 to fellow PHP package maintainers (not limited to Symfony components)!",
            "time": "2019-11-29T16:13:13+00:00"
        }
    ],
    "packages-dev": [],
    "aliases": [],
    "minimum-stability": "stable",
    "stability-flags": {
        "symfony/thanks": 20
    },
    "prefer-stable": false,
    "prefer-lowest": false,
    "platform": {
        "php": ">=7.0"
    },
    "platform-dev": []
}
